// !$*UTF8*$!
{
	archiveVersion = 1;
	classes = {
	};
	objectVersion = 50;
	objects = {

/* Begin PBXBuildFile section */
		843FB338212AD7CD0047A734 /* AppDelegate.swift in Sources */ = {isa = PBXBuildFile; fileRef = 843FB337212AD7CD0047A734 /* AppDelegate.swift */; };
		843FB33D212AD7CD0047A734 /* Main.storyboard in Resources */ = {isa = PBXBuildFile; fileRef = 843FB33B212AD7CD0047A734 /* Main.storyboard */; };
		843FB33F212AD7CE0047A734 /* Assets.xcassets in Resources */ = {isa = PBXBuildFile; fileRef = 843FB33E212AD7CE0047A734 /* Assets.xcassets */; };
		843FB342212AD7CE0047A734 /* LaunchScreen.storyboard in Resources */ = {isa = PBXBuildFile; fileRef = 843FB340212AD7CE0047A734 /* LaunchScreen.storyboard */; };
		845E3FF0213103A80025477A /* Network.swift in Sources */ = {isa = PBXBuildFile; fileRef = 845E3FEF213103A80025477A /* Network.swift */; };
		845E3FF2213103DB0025477A /* APIError.swift in Sources */ = {isa = PBXBuildFile; fileRef = 845E3FF1213103DB0025477A /* APIError.swift */; };
		845E3FF4213103F10025477A /* HTTPConstants.swift in Sources */ = {isa = PBXBuildFile; fileRef = 845E3FF3213103F10025477A /* HTTPConstants.swift */; };
		845E3FF6213104170025477A /* HTTPRequest.swift in Sources */ = {isa = PBXBuildFile; fileRef = 845E3FF5213104170025477A /* HTTPRequest.swift */; };
		845E3FF8213104350025477A /* URLPath.swift in Sources */ = {isa = PBXBuildFile; fileRef = 845E3FF7213104350025477A /* URLPath.swift */; };
		845E3FFC213104650025477A /* ServerRequestBase.swift in Sources */ = {isa = PBXBuildFile; fileRef = 845E3FFB213104650025477A /* ServerRequestBase.swift */; };
		845E3FFE2131047E0025477A /* DiffableBox.swift in Sources */ = {isa = PBXBuildFile; fileRef = 845E3FFD2131047E0025477A /* DiffableBox.swift */; };
		845E4000213104910025477A /* ServerModel.swift in Sources */ = {isa = PBXBuildFile; fileRef = 845E3FFF213104910025477A /* ServerModel.swift */; };
		845E4002213104A90025477A /* EmptyServerModel.swift in Sources */ = {isa = PBXBuildFile; fileRef = 845E4001213104A90025477A /* EmptyServerModel.swift */; };
		845E4004213104DC0025477A /* Log.swift in Sources */ = {isa = PBXBuildFile; fileRef = 845E4003213104DC0025477A /* Log.swift */; };
		845E4006213105080025477A /* JSONTypes.swift in Sources */ = {isa = PBXBuildFile; fileRef = 845E4005213105080025477A /* JSONTypes.swift */; };
		845E4008213106F00025477A /* FetchState.swift in Sources */ = {isa = PBXBuildFile; fileRef = 845E4007213106F00025477A /* FetchState.swift */; };
		84FC6CB9212BCA4100B4A56A /* LoginInteractor.swift in Sources */ = {isa = PBXBuildFile; fileRef = 84FC6CB3212BCA4100B4A56A /* LoginInteractor.swift */; };
		84FC6CBA212BCA4100B4A56A /* LoginModels.swift in Sources */ = {isa = PBXBuildFile; fileRef = 84FC6CB4212BCA4100B4A56A /* LoginModels.swift */; };
		84FC6CBB212BCA4100B4A56A /* LoginPresenter.swift in Sources */ = {isa = PBXBuildFile; fileRef = 84FC6CB5212BCA4100B4A56A /* LoginPresenter.swift */; };
		84FC6CBC212BCA4100B4A56A /* LoginRouter.swift in Sources */ = {isa = PBXBuildFile; fileRef = 84FC6CB6212BCA4100B4A56A /* LoginRouter.swift */; };
		84FC6CBD212BCA4100B4A56A /* LoginViewController.swift in Sources */ = {isa = PBXBuildFile; fileRef = 84FC6CB7212BCA4100B4A56A /* LoginViewController.swift */; };
		84FC6CC6212BCA6B00B4A56A /* SplashInteractor.swift in Sources */ = {isa = PBXBuildFile; fileRef = 84FC6CC0212BCA6B00B4A56A /* SplashInteractor.swift */; };
		84FC6CC7212BCA6B00B4A56A /* SplashModels.swift in Sources */ = {isa = PBXBuildFile; fileRef = 84FC6CC1212BCA6B00B4A56A /* SplashModels.swift */; };
		84FC6CC8212BCA6B00B4A56A /* SplashPresenter.swift in Sources */ = {isa = PBXBuildFile; fileRef = 84FC6CC2212BCA6B00B4A56A /* SplashPresenter.swift */; };
		84FC6CC9212BCA6B00B4A56A /* SplashRouter.swift in Sources */ = {isa = PBXBuildFile; fileRef = 84FC6CC3212BCA6B00B4A56A /* SplashRouter.swift */; };
		84FC6CCA212BCA6B00B4A56A /* SplashViewController.swift in Sources */ = {isa = PBXBuildFile; fileRef = 84FC6CC4212BCA6B00B4A56A /* SplashViewController.swift */; };
		84FC6CCD212BCAE900B4A56A /* Storyboards.swift in Sources */ = {isa = PBXBuildFile; fileRef = 84FC6CCC212BCAE900B4A56A /* Storyboards.swift */; };
		9578F39F212F446700A667E9 /* IRANSansDN_FaNum_Light.ttf in Resources */ = {isa = PBXBuildFile; fileRef = 9578F39C212F446700A667E9 /* IRANSansDN_FaNum_Light.ttf */; };
		9578F3A0212F446700A667E9 /* IRANSansDN_Fa_Num.ttf in Resources */ = {isa = PBXBuildFile; fileRef = 9578F39D212F446700A667E9 /* IRANSansDN_Fa_Num.ttf */; };
		9578F3A1212F446700A667E9 /* IRANSansDN_FaNum-Bold.ttf in Resources */ = {isa = PBXBuildFile; fileRef = 9578F39E212F446700A667E9 /* IRANSansDN_FaNum-Bold.ttf */; };
		95BC0071212C972D001B4375 /* UIFont+Farsi.swift in Sources */ = {isa = PBXBuildFile; fileRef = 95BC0070212C972D001B4375 /* UIFont+Farsi.swift */; };
		95BC0073212CA400001B4375 /* UIColor+Hue.swift in Sources */ = {isa = PBXBuildFile; fileRef = 95BC0072212CA400001B4375 /* UIColor+Hue.swift */; };
		95BC0077212CA57B001B4375 /* RealmProvider.swift in Sources */ = {isa = PBXBuildFile; fileRef = 95BC0076212CA57B001B4375 /* RealmProvider.swift */; };
		95BC007C212CA7B0001B4375 /* String+sha512.swift in Sources */ = {isa = PBXBuildFile; fileRef = 95BC007A212CA7B0001B4375 /* String+sha512.swift */; };
		95BC007D212CA7B0001B4375 /* Path.swift in Sources */ = {isa = PBXBuildFile; fileRef = 95BC007B212CA7B0001B4375 /* Path.swift */; };
		95BC0080212CA96A001B4375 /* Settings.swift in Sources */ = {isa = PBXBuildFile; fileRef = 95BC007F212CA96A001B4375 /* Settings.swift */; };
		95C0DCA4212D722B00A01C4F /* Regex.swift in Sources */ = {isa = PBXBuildFile; fileRef = 95C0DCA3212D722B00A01C4F /* Regex.swift */; };
		B9C4F36664FCB1879880E8F6 /* Pods_Pashmak.framework in Frameworks */ = {isa = PBXBuildFile; fileRef = DEFA9CA212BF347077B20F7A /* Pods_Pashmak.framework */; };
/* End PBXBuildFile section */

/* Begin PBXFileReference section */
		45DCB8EDB27B3D6DB39A7A59 /* Pods-Pashmak.release.xcconfig */ = {isa = PBXFileReference; includeInIndex = 1; lastKnownFileType = text.xcconfig; name = "Pods-Pashmak.release.xcconfig"; path = "Pods/Target Support Files/Pods-Pashmak/Pods-Pashmak.release.xcconfig"; sourceTree = "<group>"; };
		843FB334212AD7CD0047A734 /* Pashmak.app */ = {isa = PBXFileReference; explicitFileType = wrapper.application; includeInIndex = 0; path = Pashmak.app; sourceTree = BUILT_PRODUCTS_DIR; };
		843FB337212AD7CD0047A734 /* AppDelegate.swift */ = {isa = PBXFileReference; lastKnownFileType = sourcecode.swift; path = AppDelegate.swift; sourceTree = "<group>"; };
		843FB33C212AD7CD0047A734 /* Base */ = {isa = PBXFileReference; lastKnownFileType = file.storyboard; name = Base; path = Base.lproj/Main.storyboard; sourceTree = "<group>"; };
		843FB33E212AD7CE0047A734 /* Assets.xcassets */ = {isa = PBXFileReference; lastKnownFileType = folder.assetcatalog; path = Assets.xcassets; sourceTree = "<group>"; };
		843FB341212AD7CE0047A734 /* Base */ = {isa = PBXFileReference; lastKnownFileType = file.storyboard; name = Base; path = Base.lproj/LaunchScreen.storyboard; sourceTree = "<group>"; };
		843FB343212AD7CE0047A734 /* Info.plist */ = {isa = PBXFileReference; lastKnownFileType = text.plist.xml; path = Info.plist; sourceTree = "<group>"; };
		843FB349212AD7EC0047A734 /* Pashmak.entitlements */ = {isa = PBXFileReference; lastKnownFileType = text.plist.entitlements; path = Pashmak.entitlements; sourceTree = "<group>"; };
		845E3FEF213103A80025477A /* Network.swift */ = {isa = PBXFileReference; lastKnownFileType = sourcecode.swift; path = Network.swift; sourceTree = "<group>"; };
		845E3FF1213103DB0025477A /* APIError.swift */ = {isa = PBXFileReference; lastKnownFileType = sourcecode.swift; path = APIError.swift; sourceTree = "<group>"; };
		845E3FF3213103F10025477A /* HTTPConstants.swift */ = {isa = PBXFileReference; lastKnownFileType = sourcecode.swift; path = HTTPConstants.swift; sourceTree = "<group>"; };
		845E3FF5213104170025477A /* HTTPRequest.swift */ = {isa = PBXFileReference; lastKnownFileType = sourcecode.swift; path = HTTPRequest.swift; sourceTree = "<group>"; };
		845E3FF7213104350025477A /* URLPath.swift */ = {isa = PBXFileReference; lastKnownFileType = sourcecode.swift; path = URLPath.swift; sourceTree = "<group>"; };
		845E3FFB213104650025477A /* ServerRequestBase.swift */ = {isa = PBXFileReference; lastKnownFileType = sourcecode.swift; path = ServerRequestBase.swift; sourceTree = "<group>"; };
		845E3FFD2131047E0025477A /* DiffableBox.swift */ = {isa = PBXFileReference; lastKnownFileType = sourcecode.swift; path = DiffableBox.swift; sourceTree = "<group>"; };
		845E3FFF213104910025477A /* ServerModel.swift */ = {isa = PBXFileReference; lastKnownFileType = sourcecode.swift; path = ServerModel.swift; sourceTree = "<group>"; };
		845E4001213104A90025477A /* EmptyServerModel.swift */ = {isa = PBXFileReference; lastKnownFileType = sourcecode.swift; path = EmptyServerModel.swift; sourceTree = "<group>"; };
		845E4003213104DC0025477A /* Log.swift */ = {isa = PBXFileReference; lastKnownFileType = sourcecode.swift; path = Log.swift; sourceTree = "<group>"; };
		845E4005213105080025477A /* JSONTypes.swift */ = {isa = PBXFileReference; lastKnownFileType = sourcecode.swift; path = JSONTypes.swift; sourceTree = "<group>"; };
		845E4007213106F00025477A /* FetchState.swift */ = {isa = PBXFileReference; lastKnownFileType = sourcecode.swift; path = FetchState.swift; sourceTree = "<group>"; };
		84FC6CB3212BCA4100B4A56A /* LoginInteractor.swift */ = {isa = PBXFileReference; lastKnownFileType = sourcecode.swift; path = LoginInteractor.swift; sourceTree = "<group>"; };
		84FC6CB4212BCA4100B4A56A /* LoginModels.swift */ = {isa = PBXFileReference; lastKnownFileType = sourcecode.swift; path = LoginModels.swift; sourceTree = "<group>"; };
		84FC6CB5212BCA4100B4A56A /* LoginPresenter.swift */ = {isa = PBXFileReference; lastKnownFileType = sourcecode.swift; path = LoginPresenter.swift; sourceTree = "<group>"; };
		84FC6CB6212BCA4100B4A56A /* LoginRouter.swift */ = {isa = PBXFileReference; lastKnownFileType = sourcecode.swift; path = LoginRouter.swift; sourceTree = "<group>"; };
		84FC6CB7212BCA4100B4A56A /* LoginViewController.swift */ = {isa = PBXFileReference; lastKnownFileType = sourcecode.swift; path = LoginViewController.swift; sourceTree = "<group>"; };
		84FC6CC0212BCA6B00B4A56A /* SplashInteractor.swift */ = {isa = PBXFileReference; lastKnownFileType = sourcecode.swift; path = SplashInteractor.swift; sourceTree = "<group>"; };
		84FC6CC1212BCA6B00B4A56A /* SplashModels.swift */ = {isa = PBXFileReference; lastKnownFileType = sourcecode.swift; path = SplashModels.swift; sourceTree = "<group>"; };
		84FC6CC2212BCA6B00B4A56A /* SplashPresenter.swift */ = {isa = PBXFileReference; lastKnownFileType = sourcecode.swift; path = SplashPresenter.swift; sourceTree = "<group>"; };
		84FC6CC3212BCA6B00B4A56A /* SplashRouter.swift */ = {isa = PBXFileReference; lastKnownFileType = sourcecode.swift; path = SplashRouter.swift; sourceTree = "<group>"; };
		84FC6CC4212BCA6B00B4A56A /* SplashViewController.swift */ = {isa = PBXFileReference; lastKnownFileType = sourcecode.swift; path = SplashViewController.swift; sourceTree = "<group>"; };
		84FC6CCC212BCAE900B4A56A /* Storyboards.swift */ = {isa = PBXFileReference; lastKnownFileType = sourcecode.swift; path = Storyboards.swift; sourceTree = "<group>"; };
		9578F39C212F446700A667E9 /* IRANSansDN_FaNum_Light.ttf */ = {isa = PBXFileReference; lastKnownFileType = file; path = IRANSansDN_FaNum_Light.ttf; sourceTree = "<group>"; };
		9578F39D212F446700A667E9 /* IRANSansDN_Fa_Num.ttf */ = {isa = PBXFileReference; lastKnownFileType = file; path = IRANSansDN_Fa_Num.ttf; sourceTree = "<group>"; };
		9578F39E212F446700A667E9 /* IRANSansDN_FaNum-Bold.ttf */ = {isa = PBXFileReference; lastKnownFileType = file; path = "IRANSansDN_FaNum-Bold.ttf"; sourceTree = "<group>"; };
		95BC0070212C972D001B4375 /* UIFont+Farsi.swift */ = {isa = PBXFileReference; lastKnownFileType = sourcecode.swift; path = "UIFont+Farsi.swift"; sourceTree = "<group>"; };
		95BC0072212CA400001B4375 /* UIColor+Hue.swift */ = {isa = PBXFileReference; lastKnownFileType = sourcecode.swift; path = "UIColor+Hue.swift"; sourceTree = "<group>"; };
		95BC0076212CA57B001B4375 /* RealmProvider.swift */ = {isa = PBXFileReference; lastKnownFileType = sourcecode.swift; path = RealmProvider.swift; sourceTree = "<group>"; };
		95BC007A212CA7B0001B4375 /* String+sha512.swift */ = {isa = PBXFileReference; fileEncoding = 4; lastKnownFileType = sourcecode.swift; path = "String+sha512.swift"; sourceTree = "<group>"; };
		95BC007B212CA7B0001B4375 /* Path.swift */ = {isa = PBXFileReference; fileEncoding = 4; lastKnownFileType = sourcecode.swift; path = Path.swift; sourceTree = "<group>"; };
		95BC007E212CA8BC001B4375 /* BridgingHeader.h */ = {isa = PBXFileReference; fileEncoding = 4; lastKnownFileType = sourcecode.c.h; name = BridgingHeader.h; path = Pashmak/BridgingHeader.h; sourceTree = "<group>"; };
		95BC007F212CA96A001B4375 /* Settings.swift */ = {isa = PBXFileReference; lastKnownFileType = sourcecode.swift; path = Settings.swift; sourceTree = "<group>"; };
		95C0DCA3212D722B00A01C4F /* Regex.swift */ = {isa = PBXFileReference; lastKnownFileType = sourcecode.swift; path = Regex.swift; sourceTree = "<group>"; };
		AE6A3058FCA96458D47D8BCA /* Pods-Pashmak.debug.xcconfig */ = {isa = PBXFileReference; includeInIndex = 1; lastKnownFileType = text.xcconfig; name = "Pods-Pashmak.debug.xcconfig"; path = "Pods/Target Support Files/Pods-Pashmak/Pods-Pashmak.debug.xcconfig"; sourceTree = "<group>"; };
		DEFA9CA212BF347077B20F7A /* Pods_Pashmak.framework */ = {isa = PBXFileReference; explicitFileType = wrapper.framework; includeInIndex = 0; path = Pods_Pashmak.framework; sourceTree = BUILT_PRODUCTS_DIR; };
/* End PBXFileReference section */

/* Begin PBXFrameworksBuildPhase section */
		843FB331212AD7CD0047A734 /* Frameworks */ = {
			isa = PBXFrameworksBuildPhase;
			buildActionMask = 2147483647;
			files = (
				B9C4F36664FCB1879880E8F6 /* Pods_Pashmak.framework in Frameworks */,
			);
			runOnlyForDeploymentPostprocessing = 0;
		};
/* End PBXFrameworksBuildPhase section */

/* Begin PBXGroup section */
		3A09C6BCE36BC3520376F467 /* Pods */ = {
			isa = PBXGroup;
			children = (
				AE6A3058FCA96458D47D8BCA /* Pods-Pashmak.debug.xcconfig */,
				45DCB8EDB27B3D6DB39A7A59 /* Pods-Pashmak.release.xcconfig */,
			);
			name = Pods;
			sourceTree = "<group>";
		};
		5DA8E952374365C5FD93F32B /* Frameworks */ = {
			isa = PBXGroup;
			children = (
				DEFA9CA212BF347077B20F7A /* Pods_Pashmak.framework */,
			);
			name = Frameworks;
			sourceTree = "<group>";
		};
		843FB32B212AD7CD0047A734 = {
			isa = PBXGroup;
			children = (
				95BC007E212CA8BC001B4375 /* BridgingHeader.h */,
				843FB336212AD7CD0047A734 /* Pashmak */,
				843FB335212AD7CD0047A734 /* Products */,
				3A09C6BCE36BC3520376F467 /* Pods */,
				5DA8E952374365C5FD93F32B /* Frameworks */,
			);
			sourceTree = "<group>";
		};
		843FB335212AD7CD0047A734 /* Products */ = {
			isa = PBXGroup;
			children = (
				843FB334212AD7CD0047A734 /* Pashmak.app */,
			);
			name = Products;
			sourceTree = "<group>";
		};
		843FB336212AD7CD0047A734 /* Pashmak */ = {
			isa = PBXGroup;
			children = (
				84FC6CB1212BCA1800B4A56A /* Storyboards */,
				84FC6CB0212BCA0800B4A56A /* Scenes */,
				845E3FEE213103900025477A /* Models */,
				95BC0074212CA55B001B4375 /* Services */,
				95BC006F212C9705001B4375 /* Extensions */,
				95BC0068212C96D8001B4375 /* Supporting Files */,
				843FB349212AD7EC0047A734 /* Pashmak.entitlements */,
				843FB337212AD7CD0047A734 /* AppDelegate.swift */,
				843FB33E212AD7CE0047A734 /* Assets.xcassets */,
				843FB343212AD7CE0047A734 /* Info.plist */,
			);
			path = Pashmak;
			sourceTree = "<group>";
		};
		845E3FED213103840025477A /* Network */ = {
			isa = PBXGroup;
			children = (
				845E3FFA213104540025477A /* Requests */,
				845E3FF9213104490025477A /* Networking */,
			);
			path = Network;
			sourceTree = "<group>";
		};
		845E3FEE213103900025477A /* Models */ = {
			isa = PBXGroup;
			children = (
				95BC0075212CA56A001B4375 /* Realm */,
				845E3FFD2131047E0025477A /* DiffableBox.swift */,
				845E3FFF213104910025477A /* ServerModel.swift */,
				845E4001213104A90025477A /* EmptyServerModel.swift */,
				845E4007213106F00025477A /* FetchState.swift */,
			);
			path = Models;
			sourceTree = "<group>";
		};
		845E3FF9213104490025477A /* Networking */ = {
			isa = PBXGroup;
			children = (
				845E3FEF213103A80025477A /* Network.swift */,
				845E3FF1213103DB0025477A /* APIError.swift */,
				845E3FF3213103F10025477A /* HTTPConstants.swift */,
				845E3FF5213104170025477A /* HTTPRequest.swift */,
				845E3FF7213104350025477A /* URLPath.swift */,
			);
			path = Networking;
			sourceTree = "<group>";
		};
		845E3FFA213104540025477A /* Requests */ = {
			isa = PBXGroup;
			children = (
				845E3FFB213104650025477A /* ServerRequestBase.swift */,
			);
			path = Requests;
			sourceTree = "<group>";
		};
		84FC6CB0212BCA0800B4A56A /* Scenes */ = {
			isa = PBXGroup;
			children = (
				84FC6CBF212BCA5C00B4A56A /* Splash */,
				84FC6CB2212BCA2A00B4A56A /* Login */,
			);
			path = Scenes;
			sourceTree = "<group>";
		};
		84FC6CB1212BCA1800B4A56A /* Storyboards */ = {
			isa = PBXGroup;
			children = (
				843FB33B212AD7CD0047A734 /* Main.storyboard */,
				843FB340212AD7CE0047A734 /* LaunchScreen.storyboard */,
				84FC6CCC212BCAE900B4A56A /* Storyboards.swift */,
			);
			path = Storyboards;
			sourceTree = "<group>";
		};
		84FC6CB2212BCA2A00B4A56A /* Login */ = {
			isa = PBXGroup;
			children = (
				84FC6CB3212BCA4100B4A56A /* LoginInteractor.swift */,
				84FC6CB4212BCA4100B4A56A /* LoginModels.swift */,
				84FC6CB5212BCA4100B4A56A /* LoginPresenter.swift */,
				84FC6CB6212BCA4100B4A56A /* LoginRouter.swift */,
				84FC6CB7212BCA4100B4A56A /* LoginViewController.swift */,
			);
			path = Login;
			sourceTree = "<group>";
		};
		84FC6CBF212BCA5C00B4A56A /* Splash */ = {
			isa = PBXGroup;
			children = (
				84FC6CC0212BCA6B00B4A56A /* SplashInteractor.swift */,
				84FC6CC1212BCA6B00B4A56A /* SplashModels.swift */,
				84FC6CC2212BCA6B00B4A56A /* SplashPresenter.swift */,
				84FC6CC3212BCA6B00B4A56A /* SplashRouter.swift */,
				84FC6CC4212BCA6B00B4A56A /* SplashViewController.swift */,
			);
			path = Splash;
			sourceTree = "<group>";
		};
		95BC0068212C96D8001B4375 /* Supporting Files */ = {
			isa = PBXGroup;
			children = (
				9578F39D212F446700A667E9 /* IRANSansDN_Fa_Num.ttf */,
				9578F39C212F446700A667E9 /* IRANSansDN_FaNum_Light.ttf */,
				9578F39E212F446700A667E9 /* IRANSansDN_FaNum-Bold.ttf */,
			);
			path = "Supporting Files";
			sourceTree = "<group>";
		};
		95BC006F212C9705001B4375 /* Extensions */ = {
			isa = PBXGroup;
			children = (
				95BC007B212CA7B0001B4375 /* Path.swift */,
				95BC007A212CA7B0001B4375 /* String+sha512.swift */,
				95BC0070212C972D001B4375 /* UIFont+Farsi.swift */,
				95BC0072212CA400001B4375 /* UIColor+Hue.swift */,
				95C0DCA3212D722B00A01C4F /* Regex.swift */,
				845E4003213104DC0025477A /* Log.swift */,
				845E4005213105080025477A /* JSONTypes.swift */,
			);
			path = Extensions;
			sourceTree = "<group>";
		};
		95BC0074212CA55B001B4375 /* Services */ = {
			isa = PBXGroup;
			children = (
				845E3FED213103840025477A /* Network */,
			);
			path = Services;
			sourceTree = "<group>";
		};
		95BC0075212CA56A001B4375 /* Realm */ = {
			isa = PBXGroup;
			children = (
				95BC0076212CA57B001B4375 /* RealmProvider.swift */,
				95BC007F212CA96A001B4375 /* Settings.swift */,
			);
			path = Realm;
			sourceTree = "<group>";
		};
/* End PBXGroup section */

/* Begin PBXNativeTarget section */
		843FB333212AD7CD0047A734 /* Pashmak */ = {
			isa = PBXNativeTarget;
			buildConfigurationList = 843FB346212AD7CE0047A734 /* Build configuration list for PBXNativeTarget "Pashmak" */;
			buildPhases = (
				FB5F5C7609CDF3DED5348C71 /* [CP] Check Pods Manifest.lock */,
				843FB330212AD7CD0047A734 /* Sources */,
				843FB331212AD7CD0047A734 /* Frameworks */,
				843FB332212AD7CD0047A734 /* Resources */,
				8F3D115ED6A95ADCA54BA9DC /* [CP] Embed Pods Frameworks */,
			);
			buildRules = (
			);
			dependencies = (
			);
			name = Pashmak;
			productName = Pashmak;
			productReference = 843FB334212AD7CD0047A734 /* Pashmak.app */;
			productType = "com.apple.product-type.application";
		};
/* End PBXNativeTarget section */

/* Begin PBXProject section */
		843FB32C212AD7CD0047A734 /* Project object */ = {
			isa = PBXProject;
			attributes = {
				LastSwiftUpdateCheck = 0940;
				LastUpgradeCheck = 0940;
				ORGANIZATIONNAME = "Mohammad Porooshani";
				TargetAttributes = {
					843FB333212AD7CD0047A734 = {
						CreatedOnToolsVersion = 9.4.1;
						LastSwiftMigration = 1000;
						SystemCapabilities = {
							com.apple.BackgroundModes = {
								enabled = 1;
							};
							com.apple.Push = {
								enabled = 1;
							};
						};
					};
				};
			};
			buildConfigurationList = 843FB32F212AD7CD0047A734 /* Build configuration list for PBXProject "Pashmak" */;
			compatibilityVersion = "Xcode 9.3";
			developmentRegion = en;
			hasScannedForEncodings = 0;
			knownRegions = (
				en,
				Base,
			);
			mainGroup = 843FB32B212AD7CD0047A734;
			productRefGroup = 843FB335212AD7CD0047A734 /* Products */;
			projectDirPath = "";
			projectRoot = "";
			targets = (
				843FB333212AD7CD0047A734 /* Pashmak */,
			);
		};
/* End PBXProject section */

/* Begin PBXResourcesBuildPhase section */
		843FB332212AD7CD0047A734 /* Resources */ = {
			isa = PBXResourcesBuildPhase;
			buildActionMask = 2147483647;
			files = (
				9578F39F212F446700A667E9 /* IRANSansDN_FaNum_Light.ttf in Resources */,
				843FB342212AD7CE0047A734 /* LaunchScreen.storyboard in Resources */,
				9578F3A1212F446700A667E9 /* IRANSansDN_FaNum-Bold.ttf in Resources */,
				843FB33F212AD7CE0047A734 /* Assets.xcassets in Resources */,
				9578F3A0212F446700A667E9 /* IRANSansDN_Fa_Num.ttf in Resources */,
				843FB33D212AD7CD0047A734 /* Main.storyboard in Resources */,
			);
			runOnlyForDeploymentPostprocessing = 0;
		};
/* End PBXResourcesBuildPhase section */

/* Begin PBXShellScriptBuildPhase section */
		8F3D115ED6A95ADCA54BA9DC /* [CP] Embed Pods Frameworks */ = {
			isa = PBXShellScriptBuildPhase;
			buildActionMask = 2147483647;
			files = (
			);
			inputPaths = (
				"${SRCROOT}/Pods/Target Support Files/Pods-Pashmak/Pods-Pashmak-frameworks.sh",
				"${BUILT_PRODUCTS_DIR}/AsyncSwift/Async.framework",
				"${BUILT_PRODUCTS_DIR}/CHIPageControl/CHIPageControl.framework",
				"${BUILT_PRODUCTS_DIR}/CocoaSecurity/CocoaSecurity.framework",
				"${BUILT_PRODUCTS_DIR}/FSPagerView/FSPagerView.framework",
				"${BUILT_PRODUCTS_DIR}/Hero/Hero.framework",
				"${BUILT_PRODUCTS_DIR}/Hue/Hue.framework",
				"${BUILT_PRODUCTS_DIR}/IGListKit/IGListKit.framework",
				"${BUILT_PRODUCTS_DIR}/IQKeyboardManagerSwift/IQKeyboardManagerSwift.framework",
				"${BUILT_PRODUCTS_DIR}/KUIActionSheet/KUIActionSheet.framework",
				"${BUILT_PRODUCTS_DIR}/KVNProgress/KVNProgress.framework",
				"${BUILT_PRODUCTS_DIR}/Locksmith/Locksmith.framework",
				"${BUILT_PRODUCTS_DIR}/Log/Log.framework",
				"${BUILT_PRODUCTS_DIR}/Material/Material.framework",
				"${BUILT_PRODUCTS_DIR}/Motion/Motion.framework",
				"${BUILT_PRODUCTS_DIR}/PromiseKit/PromiseKit.framework",
				"${BUILT_PRODUCTS_DIR}/Realm/Realm.framework",
				"${BUILT_PRODUCTS_DIR}/RealmSwift/RealmSwift.framework",
				"${BUILT_PRODUCTS_DIR}/STRegex/Regex.framework",
				"${BUILT_PRODUCTS_DIR}/SecureNSUserDefaults/SecureNSUserDefaults.framework",
				"${BUILT_PRODUCTS_DIR}/SkeletonView/SkeletonView.framework",
				"${BUILT_PRODUCTS_DIR}/SnapKit/SnapKit.framework",
				"${BUILT_PRODUCTS_DIR}/VisualEffectView/VisualEffectView.framework",
				"${BUILT_PRODUCTS_DIR}/lottie-ios/Lottie.framework",
			);
			name = "[CP] Embed Pods Frameworks";
			outputPaths = (
				"${TARGET_BUILD_DIR}/${FRAMEWORKS_FOLDER_PATH}/Async.framework",
				"${TARGET_BUILD_DIR}/${FRAMEWORKS_FOLDER_PATH}/CHIPageControl.framework",
				"${TARGET_BUILD_DIR}/${FRAMEWORKS_FOLDER_PATH}/CocoaSecurity.framework",
				"${TARGET_BUILD_DIR}/${FRAMEWORKS_FOLDER_PATH}/FSPagerView.framework",
				"${TARGET_BUILD_DIR}/${FRAMEWORKS_FOLDER_PATH}/Hero.framework",
				"${TARGET_BUILD_DIR}/${FRAMEWORKS_FOLDER_PATH}/Hue.framework",
				"${TARGET_BUILD_DIR}/${FRAMEWORKS_FOLDER_PATH}/IGListKit.framework",
				"${TARGET_BUILD_DIR}/${FRAMEWORKS_FOLDER_PATH}/IQKeyboardManagerSwift.framework",
				"${TARGET_BUILD_DIR}/${FRAMEWORKS_FOLDER_PATH}/KUIActionSheet.framework",
				"${TARGET_BUILD_DIR}/${FRAMEWORKS_FOLDER_PATH}/KVNProgress.framework",
				"${TARGET_BUILD_DIR}/${FRAMEWORKS_FOLDER_PATH}/Locksmith.framework",
				"${TARGET_BUILD_DIR}/${FRAMEWORKS_FOLDER_PATH}/Log.framework",
				"${TARGET_BUILD_DIR}/${FRAMEWORKS_FOLDER_PATH}/Material.framework",
				"${TARGET_BUILD_DIR}/${FRAMEWORKS_FOLDER_PATH}/Motion.framework",
				"${TARGET_BUILD_DIR}/${FRAMEWORKS_FOLDER_PATH}/PromiseKit.framework",
				"${TARGET_BUILD_DIR}/${FRAMEWORKS_FOLDER_PATH}/Realm.framework",
				"${TARGET_BUILD_DIR}/${FRAMEWORKS_FOLDER_PATH}/RealmSwift.framework",
				"${TARGET_BUILD_DIR}/${FRAMEWORKS_FOLDER_PATH}/Regex.framework",
				"${TARGET_BUILD_DIR}/${FRAMEWORKS_FOLDER_PATH}/SecureNSUserDefaults.framework",
				"${TARGET_BUILD_DIR}/${FRAMEWORKS_FOLDER_PATH}/SkeletonView.framework",
				"${TARGET_BUILD_DIR}/${FRAMEWORKS_FOLDER_PATH}/SnapKit.framework",
				"${TARGET_BUILD_DIR}/${FRAMEWORKS_FOLDER_PATH}/VisualEffectView.framework",
				"${TARGET_BUILD_DIR}/${FRAMEWORKS_FOLDER_PATH}/Lottie.framework",
			);
			runOnlyForDeploymentPostprocessing = 0;
			shellPath = /bin/sh;
			shellScript = "\"${SRCROOT}/Pods/Target Support Files/Pods-Pashmak/Pods-Pashmak-frameworks.sh\"\n";
			showEnvVarsInLog = 0;
		};
		FB5F5C7609CDF3DED5348C71 /* [CP] Check Pods Manifest.lock */ = {
			isa = PBXShellScriptBuildPhase;
			buildActionMask = 2147483647;
			files = (
			);
			inputPaths = (
				"${PODS_PODFILE_DIR_PATH}/Podfile.lock",
				"${PODS_ROOT}/Manifest.lock",
			);
			name = "[CP] Check Pods Manifest.lock";
			outputPaths = (
				"$(DERIVED_FILE_DIR)/Pods-Pashmak-checkManifestLockResult.txt",
			);
			runOnlyForDeploymentPostprocessing = 0;
			shellPath = /bin/sh;
			shellScript = "diff \"${PODS_PODFILE_DIR_PATH}/Podfile.lock\" \"${PODS_ROOT}/Manifest.lock\" > /dev/null\nif [ $? != 0 ] ; then\n    # print error to STDERR\n    echo \"error: The sandbox is not in sync with the Podfile.lock. Run 'pod install' or update your CocoaPods installation.\" >&2\n    exit 1\nfi\n# This output is used by Xcode 'outputs' to avoid re-running this script phase.\necho \"SUCCESS\" > \"${SCRIPT_OUTPUT_FILE_0}\"\n";
			showEnvVarsInLog = 0;
		};
/* End PBXShellScriptBuildPhase section */

/* Begin PBXSourcesBuildPhase section */
		843FB330212AD7CD0047A734 /* Sources */ = {
			isa = PBXSourcesBuildPhase;
			buildActionMask = 2147483647;
			files = (
				95BC007D212CA7B0001B4375 /* Path.swift in Sources */,
				845E3FFC213104650025477A /* ServerRequestBase.swift in Sources */,
				84FC6CCD212BCAE900B4A56A /* Storyboards.swift in Sources */,
				84FC6CBD212BCA4100B4A56A /* LoginViewController.swift in Sources */,
				84FC6CC8212BCA6B00B4A56A /* SplashPresenter.swift in Sources */,
				84FC6CBB212BCA4100B4A56A /* LoginPresenter.swift in Sources */,
				95BC007C212CA7B0001B4375 /* String+sha512.swift in Sources */,
				845E3FF6213104170025477A /* HTTPRequest.swift in Sources */,
				95BC0080212CA96A001B4375 /* Settings.swift in Sources */,
				845E4008213106F00025477A /* FetchState.swift in Sources */,
				845E4000213104910025477A /* ServerModel.swift in Sources */,
				845E3FF8213104350025477A /* URLPath.swift in Sources */,
				95BC0073212CA400001B4375 /* UIColor+Hue.swift in Sources */,
				84FC6CCA212BCA6B00B4A56A /* SplashViewController.swift in Sources */,
				84FC6CBA212BCA4100B4A56A /* LoginModels.swift in Sources */,
				845E3FF0213103A80025477A /* Network.swift in Sources */,
				84FC6CB9212BCA4100B4A56A /* LoginInteractor.swift in Sources */,
				95BC0071212C972D001B4375 /* UIFont+Farsi.swift in Sources */,
				845E3FFE2131047E0025477A /* DiffableBox.swift in Sources */,
				84FC6CBC212BCA4100B4A56A /* LoginRouter.swift in Sources */,
				95C0DCA4212D722B00A01C4F /* Regex.swift in Sources */,
				845E4002213104A90025477A /* EmptyServerModel.swift in Sources */,
				84FC6CC7212BCA6B00B4A56A /* SplashModels.swift in Sources */,
				843FB338212AD7CD0047A734 /* AppDelegate.swift in Sources */,
				84FC6CC9212BCA6B00B4A56A /* SplashRouter.swift in Sources */,
				84FC6CC6212BCA6B00B4A56A /* SplashInteractor.swift in Sources */,
				845E3FF4213103F10025477A /* HTTPConstants.swift in Sources */,
				95BC0077212CA57B001B4375 /* RealmProvider.swift in Sources */,
				845E4006213105080025477A /* JSONTypes.swift in Sources */,
				845E3FF2213103DB0025477A /* APIError.swift in Sources */,
				845E4004213104DC0025477A /* Log.swift in Sources */,
			);
			runOnlyForDeploymentPostprocessing = 0;
		};
/* End PBXSourcesBuildPhase section */

/* Begin PBXVariantGroup section */
		843FB33B212AD7CD0047A734 /* Main.storyboard */ = {
			isa = PBXVariantGroup;
			children = (
				843FB33C212AD7CD0047A734 /* Base */,
			);
			name = Main.storyboard;
			sourceTree = "<group>";
		};
		843FB340212AD7CE0047A734 /* LaunchScreen.storyboard */ = {
			isa = PBXVariantGroup;
			children = (
				843FB341212AD7CE0047A734 /* Base */,
			);
			name = LaunchScreen.storyboard;
			sourceTree = "<group>";
		};
/* End PBXVariantGroup section */

/* Begin XCBuildConfiguration section */
		843FB344212AD7CE0047A734 /* Debug */ = {
			isa = XCBuildConfiguration;
			buildSettings = {
				ALWAYS_SEARCH_USER_PATHS = NO;
				CLANG_ANALYZER_NONNULL = YES;
				CLANG_ANALYZER_NUMBER_OBJECT_CONVERSION = YES_AGGRESSIVE;
				CLANG_CXX_LANGUAGE_STANDARD = "gnu++14";
				CLANG_CXX_LIBRARY = "libc++";
				CLANG_ENABLE_MODULES = YES;
				CLANG_ENABLE_OBJC_ARC = YES;
				CLANG_ENABLE_OBJC_WEAK = YES;
				CLANG_WARN_BLOCK_CAPTURE_AUTORELEASING = YES;
				CLANG_WARN_BOOL_CONVERSION = YES;
				CLANG_WARN_COMMA = YES;
				CLANG_WARN_CONSTANT_CONVERSION = YES;
				CLANG_WARN_DEPRECATED_OBJC_IMPLEMENTATIONS = YES;
				CLANG_WARN_DIRECT_OBJC_ISA_USAGE = YES_ERROR;
				CLANG_WARN_DOCUMENTATION_COMMENTS = YES;
				CLANG_WARN_EMPTY_BODY = YES;
				CLANG_WARN_ENUM_CONVERSION = YES;
				CLANG_WARN_INFINITE_RECURSION = YES;
				CLANG_WARN_INT_CONVERSION = YES;
				CLANG_WARN_NON_LITERAL_NULL_CONVERSION = YES;
				CLANG_WARN_OBJC_IMPLICIT_RETAIN_SELF = YES;
				CLANG_WARN_OBJC_LITERAL_CONVERSION = YES;
				CLANG_WARN_OBJC_ROOT_CLASS = YES_ERROR;
				CLANG_WARN_RANGE_LOOP_ANALYSIS = YES;
				CLANG_WARN_STRICT_PROTOTYPES = YES;
				CLANG_WARN_SUSPICIOUS_MOVE = YES;
				CLANG_WARN_UNGUARDED_AVAILABILITY = YES_AGGRESSIVE;
				CLANG_WARN_UNREACHABLE_CODE = YES;
				CLANG_WARN__DUPLICATE_METHOD_MATCH = YES;
				CODE_SIGN_IDENTITY = "iPhone Developer";
				COPY_PHASE_STRIP = NO;
				DEBUG_INFORMATION_FORMAT = dwarf;
				ENABLE_STRICT_OBJC_MSGSEND = YES;
				ENABLE_TESTABILITY = YES;
				GCC_C_LANGUAGE_STANDARD = gnu11;
				GCC_DYNAMIC_NO_PIC = NO;
				GCC_NO_COMMON_BLOCKS = YES;
				GCC_OPTIMIZATION_LEVEL = 0;
				GCC_PREPROCESSOR_DEFINITIONS = (
					"DEBUG=1",
					"$(inherited)",
				);
				GCC_WARN_64_TO_32_BIT_CONVERSION = YES;
				GCC_WARN_ABOUT_RETURN_TYPE = YES_ERROR;
				GCC_WARN_UNDECLARED_SELECTOR = YES;
				GCC_WARN_UNINITIALIZED_AUTOS = YES_AGGRESSIVE;
				GCC_WARN_UNUSED_FUNCTION = YES;
				GCC_WARN_UNUSED_VARIABLE = YES;
				IPHONEOS_DEPLOYMENT_TARGET = 11.4;
				MTL_ENABLE_DEBUG_INFO = YES;
				ONLY_ACTIVE_ARCH = YES;
				SDKROOT = iphoneos;
				SWIFT_ACTIVE_COMPILATION_CONDITIONS = DEBUG;
				SWIFT_OPTIMIZATION_LEVEL = "-Onone";
			};
			name = Debug;
		};
		843FB345212AD7CE0047A734 /* Release */ = {
			isa = XCBuildConfiguration;
			buildSettings = {
				ALWAYS_SEARCH_USER_PATHS = NO;
				CLANG_ANALYZER_NONNULL = YES;
				CLANG_ANALYZER_NUMBER_OBJECT_CONVERSION = YES_AGGRESSIVE;
				CLANG_CXX_LANGUAGE_STANDARD = "gnu++14";
				CLANG_CXX_LIBRARY = "libc++";
				CLANG_ENABLE_MODULES = YES;
				CLANG_ENABLE_OBJC_ARC = YES;
				CLANG_ENABLE_OBJC_WEAK = YES;
				CLANG_WARN_BLOCK_CAPTURE_AUTORELEASING = YES;
				CLANG_WARN_BOOL_CONVERSION = YES;
				CLANG_WARN_COMMA = YES;
				CLANG_WARN_CONSTANT_CONVERSION = YES;
				CLANG_WARN_DEPRECATED_OBJC_IMPLEMENTATIONS = YES;
				CLANG_WARN_DIRECT_OBJC_ISA_USAGE = YES_ERROR;
				CLANG_WARN_DOCUMENTATION_COMMENTS = YES;
				CLANG_WARN_EMPTY_BODY = YES;
				CLANG_WARN_ENUM_CONVERSION = YES;
				CLANG_WARN_INFINITE_RECURSION = YES;
				CLANG_WARN_INT_CONVERSION = YES;
				CLANG_WARN_NON_LITERAL_NULL_CONVERSION = YES;
				CLANG_WARN_OBJC_IMPLICIT_RETAIN_SELF = YES;
				CLANG_WARN_OBJC_LITERAL_CONVERSION = YES;
				CLANG_WARN_OBJC_ROOT_CLASS = YES_ERROR;
				CLANG_WARN_RANGE_LOOP_ANALYSIS = YES;
				CLANG_WARN_STRICT_PROTOTYPES = YES;
				CLANG_WARN_SUSPICIOUS_MOVE = YES;
				CLANG_WARN_UNGUARDED_AVAILABILITY = YES_AGGRESSIVE;
				CLANG_WARN_UNREACHABLE_CODE = YES;
				CLANG_WARN__DUPLICATE_METHOD_MATCH = YES;
				CODE_SIGN_IDENTITY = "iPhone Developer";
				COPY_PHASE_STRIP = NO;
				DEBUG_INFORMATION_FORMAT = "dwarf-with-dsym";
				ENABLE_NS_ASSERTIONS = NO;
				ENABLE_STRICT_OBJC_MSGSEND = YES;
				GCC_C_LANGUAGE_STANDARD = gnu11;
				GCC_NO_COMMON_BLOCKS = YES;
				GCC_WARN_64_TO_32_BIT_CONVERSION = YES;
				GCC_WARN_ABOUT_RETURN_TYPE = YES_ERROR;
				GCC_WARN_UNDECLARED_SELECTOR = YES;
				GCC_WARN_UNINITIALIZED_AUTOS = YES_AGGRESSIVE;
				GCC_WARN_UNUSED_FUNCTION = YES;
				GCC_WARN_UNUSED_VARIABLE = YES;
				IPHONEOS_DEPLOYMENT_TARGET = 11.4;
				MTL_ENABLE_DEBUG_INFO = NO;
				SDKROOT = iphoneos;
				SWIFT_COMPILATION_MODE = wholemodule;
				SWIFT_OPTIMIZATION_LEVEL = "-O";
				VALIDATE_PRODUCT = YES;
			};
			name = Release;
		};
		843FB347212AD7CE0047A734 /* Debug */ = {
			isa = XCBuildConfiguration;
			baseConfigurationReference = AE6A3058FCA96458D47D8BCA /* Pods-Pashmak.debug.xcconfig */;
			buildSettings = {
				ASSETCATALOG_COMPILER_APPICON_NAME = AppIcon;
				CODE_SIGN_ENTITLEMENTS = Pashmak/Pashmak.entitlements;
				CODE_SIGN_STYLE = Automatic;
				DEVELOPMENT_TEAM = QE63XWGL5N;
				INFOPLIST_FILE = Pashmak/Info.plist;
				LD_RUNPATH_SEARCH_PATHS = (
					"$(inherited)",
					"@executable_path/Frameworks",
				);
				PRODUCT_BUNDLE_IDENTIFIER = com.pashmak.app;
				PRODUCT_NAME = "$(TARGET_NAME)";
				SWIFT_OBJC_BRIDGING_HEADER = "${SRCROOT}/Pashmak/BridgingHeader.h";
				SWIFT_VERSION = 4.2;
				TARGETED_DEVICE_FAMILY = 1;
			};
			name = Debug;
		};
		843FB348212AD7CE0047A734 /* Release */ = {
			isa = XCBuildConfiguration;
			baseConfigurationReference = 45DCB8EDB27B3D6DB39A7A59 /* Pods-Pashmak.release.xcconfig */;
			buildSettings = {
				ASSETCATALOG_COMPILER_APPICON_NAME = AppIcon;
				CODE_SIGN_ENTITLEMENTS = Pashmak/Pashmak.entitlements;
				CODE_SIGN_STYLE = Automatic;
				DEVELOPMENT_TEAM = QE63XWGL5N;
				INFOPLIST_FILE = Pashmak/Info.plist;
				LD_RUNPATH_SEARCH_PATHS = (
					"$(inherited)",
					"@executable_path/Frameworks",
				);
				PRODUCT_BUNDLE_IDENTIFIER = com.pashmak.app;
				PRODUCT_NAME = "$(TARGET_NAME)";
				SWIFT_OBJC_BRIDGING_HEADER = "${SRCROOT}/Pashmak/BridgingHeader.h";
				SWIFT_VERSION = 4.2;
				TARGETED_DEVICE_FAMILY = 1;
			};
			name = Release;
		};
/* End XCBuildConfiguration section */

/* Begin XCConfigurationList section */
		843FB32F212AD7CD0047A734 /* Build configuration list for PBXProject "Pashmak" */ = {
			isa = XCConfigurationList;
			buildConfigurations = (
				843FB344212AD7CE0047A734 /* Debug */,
				843FB345212AD7CE0047A734 /* Release */,
			);
			defaultConfigurationIsVisible = 0;
			defaultConfigurationName = Release;
		};
		843FB346212AD7CE0047A734 /* Build configuration list for PBXNativeTarget "Pashmak" */ = {
			isa = XCConfigurationList;
			buildConfigurations = (
				843FB347212AD7CE0047A734 /* Debug */,
				843FB348212AD7CE0047A734 /* Release */,
			);
			defaultConfigurationIsVisible = 0;
			defaultConfigurationName = Release;
		};
/* End XCConfigurationList section */
	};
	rootObject = 843FB32C212AD7CD0047A734 /* Project object */;
}
